
Microsoft Visual Studio Solution File, Format Version 12.00
# Visual Studio 14
VisualStudioVersion = 14.0.24720.0
MinimumVisualStudioVersion = 10.0.40219.1
Project("{FAE04EC0-301F-11D3-BF4B-00C04F79EFBC}") = "SystemOutWeatherApi.Core", "SystemOutWeatherApi.Core\SystemOutWeatherApi.Core.csproj", "{2FAB59C0-755F-41F5-B603-630B283B78DA}"
EndProject
Project("{2150E333-8FDC-42A3-9474-1A3956D46DE8}") = "Submodules", "Submodules", "{EE425D09-91FD-4E0D-AD14-59C14B0236C1}"
EndProject
Project("{FAE04EC0-301F-11D3-BF4B-00C04F79EFBC}") = "SystemOut.Toolbox.Core", "Submodules\SystemOutToolbox\SystemOut.Toolbox.Core\SystemOut.Toolbox.Core.csproj", "{2F3586E1-8D01-4608-ADBF-7FDABAE2C305}"
EndProject
Global
	GlobalSection(SolutionConfigurationPlatforms) = preSolution
		Debug|Any CPU = Debug|Any CPU
		Debug|ARM = Debug|ARM
		Debug|x64 = Debug|x64
		Debug|x86 = Debug|x86
		Release|Any CPU = Release|Any CPU
		Release|ARM = Release|ARM
		Release|x64 = Release|x64
		Release|x86 = Release|x86
	EndGlobalSection
	GlobalSection(ProjectConfigurationPlatforms) = postSolution
		{2FAB59C0-755F-41F5-B603-630B283B78DA}.Debug|Any CPU.ActiveCfg = Debug|Any CPU
		{2FAB59C0-755F-41F5-B603-630B283B78DA}.Debug|Any CPU.Build.0 = Debug|Any CPU
		{2FAB59C0-755F-41F5-B603-630B283B78DA}.Debug|ARM.ActiveCfg = Debug|ARM
		{2FAB59C0-755F-41F5-B603-630B283B78DA}.Debug|ARM.Build.0 = Debug|ARM
		{2FAB59C0-755F-41F5-B603-630B283B78DA}.Debug|x64.ActiveCfg = Debug|x64
		{2FAB59C0-755F-41F5-B603-630B283B78DA}.Debug|x64.Build.0 = Debug|x64
		{2FAB59C0-755F-41F5-B603-630B283B78DA}.Debug|x86.ActiveCfg = Debug|x86
		{2FAB59C0-755F-41F5-B603-630B283B78DA}.Debug|x86.Build.0 = Debug|x86
		{2FAB59C0-755F-41F5-B603-630B283B78DA}.Release|Any CPU.ActiveCfg = Release|Any CPU
		{2FAB59C0-755F-41F5-B603-630B283B78DA}.Release|Any CPU.Build.0 = Release|Any CPU
		{2FAB59C0-755F-41F5-B603-630B283B78DA}.Release|ARM.ActiveCfg = Release|ARM
		{2FAB59C0-755F-41F5-B603-630B283B78DA}.Release|ARM.Build.0 = Release|ARM
		{2FAB59C0-755F-41F5-B603-630B283B78DA}.Release|x64.ActiveCfg = Release|x64
		{2FAB59C0-755F-41F5-B603-630B283B78DA}.Release|x64.Build.0 = Release|x64
		{2FAB59C0-755F-41F5-B603-630B283B78DA}.Release|x86.ActiveCfg = Release|x86
		{2FAB59C0-755F-41F5-B603-630B283B78DA}.Release|x86.Build.0 = Release|x86
		{2F3586E1-8D01-4608-ADBF-7FDABAE2C305}.Debug|Any CPU.ActiveCfg = Debug|Any CPU
		{2F3586E1-8D01-4608-ADBF-7FDABAE2C305}.Debug|Any CPU.Build.0 = Debug|Any CPU
		{2F3586E1-8D01-4608-ADBF-7FDABAE2C305}.Debug|ARM.ActiveCfg = Debug|Any CPU
		{2F3586E1-8D01-4608-ADBF-7FDABAE2C305}.Debug|ARM.Build.0 = Debug|Any CPU
		{2F3586E1-8D01-4608-ADBF-7FDABAE2C305}.Debug|x64.ActiveCfg = Debug|Any CPU
		{2F3586E1-8D01-4608-ADBF-7FDABAE2C305}.Debug|x64.Build.0 = Debug|Any CPU
		{2F3586E1-8D01-4608-ADBF-7FDABAE2C305}.Debug|x86.ActiveCfg = Debug|Any CPU
		{2F3586E1-8D01-4608-ADBF-7FDABAE2C305}.Debug|x86.Build.0 = Debug|Any CPU
		{2F3586E1-8D01-4608-ADBF-7FDABAE2C305}.Release|Any CPU.ActiveCfg = Release|Any CPU
		{2F3586E1-8D01-4608-ADBF-7FDABAE2C305}.Release|Any CPU.Build.0 = Release|Any CPU
		{2F3586E1-8D01-4608-ADBF-7FDABAE2C305}.Release|ARM.ActiveCfg = Release|Any CPU
		{2F3586E1-8D01-4608-ADBF-7FDABAE2C305}.Release|ARM.Build.0 = Release|Any CPU
		{2F3586E1-8D01-4608-ADBF-7FDABAE2C305}.Release|x64.ActiveCfg = Release|Any CPU
		{2F3586E1-8D01-4608-ADBF-7FDABAE2C305}.Release|x64.Build.0 = Release|Any CPU
		{2F3586E1-8D01-4608-ADBF-7FDABAE2C305}.Release|x86.ActiveCfg = Release|Any CPU
		{2F3586E1-8D01-4608-ADBF-7FDABAE2C305}.Release|x86.Build.0 = Release|Any CPU
	EndGlobalSection
	GlobalSection(SolutionProperties) = preSolution
		HideSolutionNode = FALSE
	EndGlobalSection
	GlobalSection(NestedProjects) = preSolution
		{2F3586E1-8D01-4608-ADBF-7FDABAE2C305} = {EE425D09-91FD-4E0D-AD14-59C14B0236C1}
	EndGlobalSection
EndGlobal
